{
    "version": 3,
    "terraform_version": "0.11.3",
    "serial": 63,
    "lineage": "7dc74949-86e9-4839-86a2-ce21cdda5588",
    "modules": [
        {
            "path": [
                "root"
            ],
            "outputs": {
                "ec2_instance_id": {
                    "sensitive": false,
                    "type": "string",
                    "value": "i-09878c87ee42e4c4f"
                },
                "ec2_instance_public_dns": {
                    "sensitive": false,
                    "type": "string",
                    "value": "ec2-18-144-34-163.us-west-1.compute.amazonaws.com"
                },
                "ec2_private_ip": {
                    "sensitive": false,
                    "type": "string",
                    "value": "172.31.24.211"
                }
            },
            "resources": {
                "aws_instance.ec2_instance": {
                    "type": "aws_instance",
                    "depends_on": [
                        "aws_key_pair.auth"
                    ],
                    "primary": {
                        "id": "i-09878c87ee42e4c4f",
                        "attributes": {
                            "ami": "ami-94bdeef4",
                            "associate_public_ip_address": "true",
                            "availability_zone": "us-west-1a",
                            "disable_api_termination": "false",
                            "ebs_block_device.#": "0",
                            "ebs_optimized": "false",
                            "ephemeral_block_device.#": "0",
                            "iam_instance_profile": "",
                            "id": "i-09878c87ee42e4c4f",
                            "instance_state": "running",
                            "instance_type": "t2.micro",
                            "ipv6_addresses.#": "0",
                            "key_name": "shivam_key",
                            "monitoring": "false",
                            "network_interface.#": "0",
                            "network_interface_id": "eni-32dca31c",
                            "placement_group": "",
                            "primary_network_interface_id": "eni-32dca31c",
                            "private_dns": "ip-172-31-24-211.us-west-1.compute.internal",
                            "private_ip": "172.31.24.211",
                            "public_dns": "ec2-18-144-34-163.us-west-1.compute.amazonaws.com",
                            "public_ip": "18.144.34.163",
                            "root_block_device.#": "1",
                            "root_block_device.0.delete_on_termination": "true",
                            "root_block_device.0.iops": "0",
                            "root_block_device.0.volume_id": "vol-03feed4cb3749a2f6",
                            "root_block_device.0.volume_size": "20",
                            "root_block_device.0.volume_type": "standard",
                            "security_groups.#": "1",
                            "security_groups.3814588639": "default",
                            "source_dest_check": "true",
                            "subnet_id": "subnet-0ccb8769",
                            "tags.%": "2",
                            "tags.OwnerContact": "sharma.shivam0611@gmail.com",
                            "tags.Project": "coincrunch",
                            "tenancy": "default",
                            "user_data": "e2a1551d0aad50b0592e6e83f0c6aab69b644451",
                            "volume_tags.%": "0",
                            "vpc_security_group_ids.#": "1",
                            "vpc_security_group_ids.3971790433": "sg-22c2c247"
                        },
                        "meta": {
                            "e2bfb730-ecaa-11e6-8f88-34363bc7c4c0": {
                                "create": 600000000000,
                                "delete": 1200000000000,
                                "update": 600000000000
                            },
                            "schema_version": "1"
                        },
                        "tainted": false
                    },
                    "deposed": [],
                    "provider": "provider.aws"
                },
                "aws_key_pair.auth": {
                    "type": "aws_key_pair",
                    "depends_on": [],
                    "primary": {
                        "id": "shivam_key",
                        "attributes": {
                            "id": "shivam_key",
                            "key_name": "shivam_key",
                            "public_key": "ssh-rsa AAAAB3NzaC1yc2EAAAADAQABAAABAQDzs2y59PrACmZWa9B0sFmLWf4QW1iPmDUIwcs2oHzfx++hbq3VzFEOnQQvSnco+UxYsK+bcsCq2aHrvMiWoigq9bGGbk2qrFsLNukvs8QggGCLJHZ1aokn7lBbCe4PUsKJvleXmUYpsr/+q2GXMNmXDzFs7L8BrT5xB5LtBvwizc4OtM2XIWzGK4KpkIDkxIay5bNNDO5ISv5/rAoCuzo00u137xGnbIgTGo3jA7tyzYM/HuNG8sbkKvznYGRsEwlsYbl1y0/tqY/vmh74xIpF1++dr8izxAspDGt517ceG5n7Uf6sU+l89HfjFr5nvo44RaH+GJkcAXZO7nPUZgn7"
                        },
                        "meta": {
                            "schema_version": "1"
                        },
                        "tainted": false
                    },
                    "deposed": [],
                    "provider": "provider.aws"
                }
            },
            "depends_on": []
        }
    ]
}
